# skilltree.lock -- DO NOT EDIT MANUALLY
# Generated by skilltree v0.18.0
lockfile_version: 1
packages:
  general-coding:
    type: skill
    group: dev
    path: skills/general-coding
    commit: e124854628e0398db624c93d186b1f279f2dbd1e
    dependencies: []
    repo: github.com/imarios/open-vibes
    version: 1.6.0
    integrity: sha256-6bdee69216e34318ff7fdda4fefd37b66d19ff0d54287cade9825b0aef31f91d
  skilltree:
    type: skill
    group: prod
    path: ./skills/skilltree
    commit: HEAD
    dependencies: []
    source: local
  typescript-coding:
    type: skill
    group: dev
    path: skills/typescript-coding
    commit: e124854628e0398db624c93d186b1f279f2dbd1e
    dependencies: []
    repo: github.com/imarios/open-vibes
    version: 1.6.0
    integrity: sha256-9f1910a93f86eaff95d568cd1c72e29d03ed1324b20837ed7caca1840f96cbd8
install_targets:
  - .claude
